// !$*UTF8*$!
{
	archiveVersion = 1;
	classes = {
	};
	objectVersion = 55;
	objects = {

/* Begin PBXBuildFile section */
		08093A6827DD4CA90061352D /* CircularOffsetStyle.swift in Sources */ = {isa = PBXBuildFile; fileRef = 08093A6727DD4CA90061352D /* CircularOffsetStyle.swift */; };
		0827298227DDE74C00E48F4D /* TimesDrawnPicker.swift in Sources */ = {isa = PBXBuildFile; fileRef = 0827298127DDE74C00E48F4D /* TimesDrawnPicker.swift */; };
		0827298427DE488900E48F4D /* PlayedCardPicker.swift in Sources */ = {isa = PBXBuildFile; fileRef = 0827298327DE488900E48F4D /* PlayedCardPicker.swift */; };
		08288175279EF8D10064C9E8 /* AddNewPlayerView.swift in Sources */ = {isa = PBXBuildFile; fileRef = 08288174279EF8D10064C9E8 /* AddNewPlayerView.swift */; };
		0828817A279F42AB0064C9E8 /* PhotographSignature.ttf in Resources */ = {isa = PBXBuildFile; fileRef = 08288178279F42440064C9E8 /* PhotographSignature.ttf */; };
		082C53F927ABE69D00AB5CD7 /* TriomiCount.xcdatamodeld in Sources */ = {isa = PBXBuildFile; fileRef = 082C53F727ABE69D00AB5CD7 /* TriomiCount.xcdatamodeld */; };
		082C540127ABE88F00AB5CD7 /* PersistentStore.swift in Sources */ = {isa = PBXBuildFile; fileRef = 082C540027ABE88F00AB5CD7 /* PersistentStore.swift */; };
		0835129827DC123700065228 /* Turn.swift in Sources */ = {isa = PBXBuildFile; fileRef = 0835129027DC123700065228 /* Turn.swift */; };
		0835129A27DC123700065228 /* Player.swift in Sources */ = {isa = PBXBuildFile; fileRef = 0835129227DC123700065228 /* Player.swift */; };
		0835129D27DC123700065228 /* GameScoreDict.swift in Sources */ = {isa = PBXBuildFile; fileRef = 0835129527DC123700065228 /* GameScoreDict.swift */; };
		0835129E27DC123700065228 /* Game.swift in Sources */ = {isa = PBXBuildFile; fileRef = 0835129627DC123700065228 /* Game.swift */; };
		083512A927DC15DA00065228 /* OffsetOnTapStyle.swift in Sources */ = {isa = PBXBuildFile; fileRef = 083512A827DC15DA00065228 /* OffsetOnTapStyle.swift */; };
		083974DB27D294F7002B90E4 /* GamesListView.swift in Sources */ = {isa = PBXBuildFile; fileRef = 083974DA27D294F7002B90E4 /* GamesListView.swift */; };
		083974DD27D2A172002B90E4 /* PushStyledNavigationLink.swift in Sources */ = {isa = PBXBuildFile; fileRef = 083974DC27D2A172002B90E4 /* PushStyledNavigationLink.swift */; };
		083974E327D2C11D002B90E4 /* PageSheet in Frameworks */ = {isa = PBXBuildFile; productRef = 083974E227D2C11D002B90E4 /* PageSheet */; };
		083974E527D2C11D002B90E4 /* PageSheetCore in Frameworks */ = {isa = PBXBuildFile; productRef = 083974E427D2C11D002B90E4 /* PageSheetCore */; };
		083974E727D2C11D002B90E4 /* PageSheetPlus in Frameworks */ = {isa = PBXBuildFile; productRef = 083974E627D2C11D002B90E4 /* PageSheetPlus */; };
		083BFD5027CABB7200B5BE50 /* PointsSubmitView.swift in Sources */ = {isa = PBXBuildFile; fileRef = 083BFD4F27CABB7200B5BE50 /* PointsSubmitView.swift */; };
		0855A22127DCD5AE00E882AC /* Color.swift in Sources */ = {isa = PBXBuildFile; fileRef = 0855A22027DCD5AE00E882AC /* Color.swift */; };
		085924C927C6DCA300364259 /* PlayerListSort.swift in Sources */ = {isa = PBXBuildFile; fileRef = 085924C827C6DCA300364259 /* PlayerListSort.swift */; };
		085924CF27C7685400364259 /* PlayerListSortView.swift in Sources */ = {isa = PBXBuildFile; fileRef = 085924CE27C7685300364259 /* PlayerListSortView.swift */; };
		0859748327CD7CAC0030A4E5 /* GameResultsView.swift in Sources */ = {isa = PBXBuildFile; fileRef = 0859748227CD7CAB0030A4E5 /* GameResultsView.swift */; };
		085B664427B02D00000CCC99 /* String+Extension.swift in Sources */ = {isa = PBXBuildFile; fileRef = 085B664327B02D00000CCC99 /* String+Extension.swift */; };
		087179E027ADDD9A0005C074 /* NSManagedObject+Extensions.swift in Sources */ = {isa = PBXBuildFile; fileRef = 087179DF27ADDD9A0005C074 /* NSManagedObject+Extensions.swift */; };
		08735D4127CEC5AE001571F5 /* Int64+Extension.swift in Sources */ = {isa = PBXBuildFile; fileRef = 08735D4027CEC5AE001571F5 /* Int64+Extension.swift */; };
		0888914A27D573E900061754 /* Localizable.strings in Resources */ = {isa = PBXBuildFile; fileRef = 0888914C27D573E900061754 /* Localizable.strings */; };
		0896440C27A526CE0091C6F8 /* Colors.xcassets in Resources */ = {isa = PBXBuildFile; fileRef = 0896440B27A526CE0091C6F8 /* Colors.xcassets */; };
		0896440E27A527F30091C6F8 /* Color+Extenstion.swift in Sources */ = {isa = PBXBuildFile; fileRef = 0896440D27A527F30091C6F8 /* Color+Extenstion.swift */; };
		0897300027DC197D0029C94B /* SFSafeSymbols in Frameworks */ = {isa = PBXBuildFile; productRef = 08972FFF27DC197D0029C94B /* SFSafeSymbols */; };
		089CA6F9279EA4B9007E34E8 /* PlayerListView.swift in Sources */ = {isa = PBXBuildFile; fileRef = 089CA6F8279EA4B9007E34E8 /* PlayerListView.swift */; };
		089CA6FD279EA624007E34E8 /* PlayerListRowView.swift in Sources */ = {isa = PBXBuildFile; fileRef = 089CA6FC279EA624007E34E8 /* PlayerListRowView.swift */; };
		089D478B27A1A89B000E3BA8 /* GameOnboardingViewModel.swift in Sources */ = {isa = PBXBuildFile; fileRef = 089D478A27A1A89B000E3BA8 /* GameOnboardingViewModel.swift */; };
		08A0103327DFB68C000D0AEB /* AppState.swift in Sources */ = {isa = PBXBuildFile; fileRef = 08A0103227DFB68C000D0AEB /* AppState.swift */; };
		08A2C64127A341E70076C196 /* PlayerDetailView.swift in Sources */ = {isa = PBXBuildFile; fileRef = 08A2C64027A341E70076C196 /* PlayerDetailView.swift */; };
		08A2C64327A34BBB0076C196 /* SettingsView.swift in Sources */ = {isa = PBXBuildFile; fileRef = 08A2C64227A34BBB0076C196 /* SettingsView.swift */; };
		08AD236127AA912600BBDB16 /* HapticsManager.swift in Sources */ = {isa = PBXBuildFile; fileRef = 08AD236027AA912600BBDB16 /* HapticsManager.swift */; };
		08B3E2F327B9AA02009E4DD7 /* Logo.swift in Sources */ = {isa = PBXBuildFile; fileRef = 08B3E2F227B9AA02009E4DD7 /* Logo.swift */; };
		08BBB1F627A08F98001CD3DF /* GameOnboardingView.swift in Sources */ = {isa = PBXBuildFile; fileRef = 08BBB1F527A08F98001CD3DF /* GameOnboardingView.swift */; };
		08BBB1FA27A0A1D3001CD3DF /* GameOnboardingRowView.swift in Sources */ = {isa = PBXBuildFile; fileRef = 08BBB1F927A0A1D3001CD3DF /* GameOnboardingRowView.swift */; };
		08BE48D8279CA0FA00EA431F /* TriomiCountApp.swift in Sources */ = {isa = PBXBuildFile; fileRef = 08BE48D7279CA0FA00EA431F /* TriomiCountApp.swift */; };
		08BE48DC279CA0FB00EA431F /* Icon.xcassets in Resources */ = {isa = PBXBuildFile; fileRef = 08BE48DB279CA0FB00EA431F /* Icon.xcassets */; };
		08BE48DF279CA0FB00EA431F /* Preview Assets.xcassets in Resources */ = {isa = PBXBuildFile; fileRef = 08BE48DE279CA0FB00EA431F /* Preview Assets.xcassets */; };
		08BE48EA279CA14900EA431F /* HomeView.swift in Sources */ = {isa = PBXBuildFile; fileRef = 08BE48E9279CA14900EA431F /* HomeView.swift */; };
		08BE48F3279CA42D00EA431F /* GameViewModel.swift in Sources */ = {isa = PBXBuildFile; fileRef = 08BE48F2279CA42D00EA431F /* GameViewModel.swift */; };
		08BE48F7279CA82E00EA431F /* GameMainView.swift in Sources */ = {isa = PBXBuildFile; fileRef = 08BE48F6279CA82E00EA431F /* GameMainView.swift */; };
		08D562A427B30BA7009C72B1 /* View+Extension.swift in Sources */ = {isa = PBXBuildFile; fileRef = 08D562A327B30BA7009C72B1 /* View+Extension.swift */; };
		08F6F36127E681A200FFBCFB /* GameView.swift in Sources */ = {isa = PBXBuildFile; fileRef = 08F6F36027E681A200FFBCFB /* GameView.swift */; };
		8A5E01102813491E00703CE5 /* L10n.swift in Sources */ = {isa = PBXBuildFile; fileRef = 8A5E010F2813491E00703CE5 /* L10n.swift */; };
		8A5E011228154B3200703CE5 /* Settings.swift in Sources */ = {isa = PBXBuildFile; fileRef = 8A5E011128154B3200703CE5 /* Settings.swift */; };
		8A858C8627FF6E34002385E1 /* Inject in Frameworks */ = {isa = PBXBuildFile; productRef = 8A858C8527FF6E34002385E1 /* Inject */; };
		8AB0179D27FBABE900FFEF46 /* GameListRowView.swift in Sources */ = {isa = PBXBuildFile; fileRef = 8AB0179C27FBABE900FFEF46 /* GameListRowView.swift */; };
		8AB0179F27FC1F5B00FFEF46 /* BonusEventPicker.swift in Sources */ = {isa = PBXBuildFile; fileRef = 8AB0179E27FC1F5B00FFEF46 /* BonusEventPicker.swift */; };
		8AB017A127FC3A3F00FFEF46 /* OverlayAlert.swift in Sources */ = {isa = PBXBuildFile; fileRef = 8AB017A027FC3A3F00FFEF46 /* OverlayAlert.swift */; };
		8ACA06E627F593B6000F6D4C /* Launch Screen.storyboard in Resources */ = {isa = PBXBuildFile; fileRef = 8ACA06E527F593B6000F6D4C /* Launch Screen.storyboard */; };
		8ACA06E827F596A0000F6D4C /* GameDetailView.swift in Sources */ = {isa = PBXBuildFile; fileRef = 8ACA06E727F596A0000F6D4C /* GameDetailView.swift */; };
		8ACA06EA27F5A550000F6D4C /* Rules.swift in Sources */ = {isa = PBXBuildFile; fileRef = 8ACA06E927F5A550000F6D4C /* Rules.swift */; };
/* End PBXBuildFile section */

/* Begin PBXFileReference section */
		08093A6727DD4CA90061352D /* CircularOffsetStyle.swift */ = {isa = PBXFileReference; lastKnownFileType = sourcecode.swift; path = CircularOffsetStyle.swift; sourceTree = "<group>"; };
		0827298127DDE74C00E48F4D /* TimesDrawnPicker.swift */ = {isa = PBXFileReference; lastKnownFileType = sourcecode.swift; path = TimesDrawnPicker.swift; sourceTree = "<group>"; };
		0827298327DE488900E48F4D /* PlayedCardPicker.swift */ = {isa = PBXFileReference; lastKnownFileType = sourcecode.swift; path = PlayedCardPicker.swift; sourceTree = "<group>"; };
		08288174279EF8D10064C9E8 /* AddNewPlayerView.swift */ = {isa = PBXFileReference; lastKnownFileType = sourcecode.swift; path = AddNewPlayerView.swift; sourceTree = "<group>"; };
		08288178279F42440064C9E8 /* PhotographSignature.ttf */ = {isa = PBXFileReference; lastKnownFileType = file; path = PhotographSignature.ttf; sourceTree = "<group>"; };
		0828817B279F434C0064C9E8 /* Info.plist */ = {isa = PBXFileReference; lastKnownFileType = text.plist.xml; path = Info.plist; sourceTree = "<group>"; };
		082C53F827ABE69D00AB5CD7 /* TriomiCount.xcdatamodel */ = {isa = PBXFileReference; lastKnownFileType = wrapper.xcdatamodel; path = TriomiCount.xcdatamodel; sourceTree = "<group>"; };
		082C540027ABE88F00AB5CD7 /* PersistentStore.swift */ = {isa = PBXFileReference; lastKnownFileType = sourcecode.swift; path = PersistentStore.swift; sourceTree = "<group>"; };
		0835129027DC123700065228 /* Turn.swift */ = {isa = PBXFileReference; fileEncoding = 4; lastKnownFileType = sourcecode.swift; path = Turn.swift; sourceTree = "<group>"; };
		0835129227DC123700065228 /* Player.swift */ = {isa = PBXFileReference; fileEncoding = 4; lastKnownFileType = sourcecode.swift; path = Player.swift; sourceTree = "<group>"; };
		0835129527DC123700065228 /* GameScoreDict.swift */ = {isa = PBXFileReference; fileEncoding = 4; lastKnownFileType = sourcecode.swift; path = GameScoreDict.swift; sourceTree = "<group>"; };
		0835129627DC123700065228 /* Game.swift */ = {isa = PBXFileReference; fileEncoding = 4; lastKnownFileType = sourcecode.swift; path = Game.swift; sourceTree = "<group>"; };
		083512A827DC15DA00065228 /* OffsetOnTapStyle.swift */ = {isa = PBXFileReference; lastKnownFileType = sourcecode.swift; path = OffsetOnTapStyle.swift; sourceTree = "<group>"; };
		083974DA27D294F7002B90E4 /* GamesListView.swift */ = {isa = PBXFileReference; lastKnownFileType = sourcecode.swift; path = GamesListView.swift; sourceTree = "<group>"; };
		083974DC27D2A172002B90E4 /* PushStyledNavigationLink.swift */ = {isa = PBXFileReference; lastKnownFileType = sourcecode.swift; path = PushStyledNavigationLink.swift; sourceTree = "<group>"; };
		083BFD4F27CABB7200B5BE50 /* PointsSubmitView.swift */ = {isa = PBXFileReference; lastKnownFileType = sourcecode.swift; path = PointsSubmitView.swift; sourceTree = "<group>"; };
		0855A22027DCD5AE00E882AC /* Color.swift */ = {isa = PBXFileReference; lastKnownFileType = sourcecode.swift; path = Color.swift; sourceTree = "<group>"; };
		085924C827C6DCA300364259 /* PlayerListSort.swift */ = {isa = PBXFileReference; lastKnownFileType = sourcecode.swift; path = PlayerListSort.swift; sourceTree = "<group>"; };
		085924CE27C7685300364259 /* PlayerListSortView.swift */ = {isa = PBXFileReference; lastKnownFileType = sourcecode.swift; path = PlayerListSortView.swift; sourceTree = "<group>"; };
		0859748227CD7CAB0030A4E5 /* GameResultsView.swift */ = {isa = PBXFileReference; lastKnownFileType = sourcecode.swift; path = GameResultsView.swift; sourceTree = "<group>"; };
		085B664327B02D00000CCC99 /* String+Extension.swift */ = {isa = PBXFileReference; lastKnownFileType = sourcecode.swift; path = "String+Extension.swift"; sourceTree = "<group>"; };
		087179DF27ADDD9A0005C074 /* NSManagedObject+Extensions.swift */ = {isa = PBXFileReference; fileEncoding = 4; lastKnownFileType = sourcecode.swift; path = "NSManagedObject+Extensions.swift"; sourceTree = "<group>"; };
		08735D4027CEC5AE001571F5 /* Int64+Extension.swift */ = {isa = PBXFileReference; lastKnownFileType = sourcecode.swift; path = "Int64+Extension.swift"; sourceTree = "<group>"; };
		0888914B27D573E900061754 /* de */ = {isa = PBXFileReference; lastKnownFileType = text.plist.strings; name = de; path = de.lproj/Localizable.strings; sourceTree = "<group>"; };
		0888914D27D573ED00061754 /* en */ = {isa = PBXFileReference; lastKnownFileType = text.plist.strings; name = en; path = en.lproj/Localizable.strings; sourceTree = "<group>"; };
		0896440B27A526CE0091C6F8 /* Colors.xcassets */ = {isa = PBXFileReference; lastKnownFileType = folder.assetcatalog; path = Colors.xcassets; sourceTree = "<group>"; };
		0896440D27A527F30091C6F8 /* Color+Extenstion.swift */ = {isa = PBXFileReference; lastKnownFileType = sourcecode.swift; path = "Color+Extenstion.swift"; sourceTree = "<group>"; };
		089CA6F8279EA4B9007E34E8 /* PlayerListView.swift */ = {isa = PBXFileReference; lastKnownFileType = sourcecode.swift; path = PlayerListView.swift; sourceTree = "<group>"; };
		089CA6FC279EA624007E34E8 /* PlayerListRowView.swift */ = {isa = PBXFileReference; lastKnownFileType = sourcecode.swift; path = PlayerListRowView.swift; sourceTree = "<group>"; };
		089D478A27A1A89B000E3BA8 /* GameOnboardingViewModel.swift */ = {isa = PBXFileReference; lastKnownFileType = sourcecode.swift; path = GameOnboardingViewModel.swift; sourceTree = "<group>"; };
		08A0103227DFB68C000D0AEB /* AppState.swift */ = {isa = PBXFileReference; lastKnownFileType = sourcecode.swift; path = AppState.swift; sourceTree = "<group>"; };
		08A2C64027A341E70076C196 /* PlayerDetailView.swift */ = {isa = PBXFileReference; lastKnownFileType = sourcecode.swift; path = PlayerDetailView.swift; sourceTree = "<group>"; };
		08A2C64227A34BBB0076C196 /* SettingsView.swift */ = {isa = PBXFileReference; lastKnownFileType = sourcecode.swift; path = SettingsView.swift; sourceTree = "<group>"; };
		08AD236027AA912600BBDB16 /* HapticsManager.swift */ = {isa = PBXFileReference; lastKnownFileType = sourcecode.swift; path = HapticsManager.swift; sourceTree = "<group>"; };
		08B3E2F227B9AA02009E4DD7 /* Logo.swift */ = {isa = PBXFileReference; lastKnownFileType = sourcecode.swift; path = Logo.swift; sourceTree = "<group>"; };
		08BBB1F527A08F98001CD3DF /* GameOnboardingView.swift */ = {isa = PBXFileReference; lastKnownFileType = sourcecode.swift; path = GameOnboardingView.swift; sourceTree = "<group>"; };
		08BBB1F927A0A1D3001CD3DF /* GameOnboardingRowView.swift */ = {isa = PBXFileReference; lastKnownFileType = sourcecode.swift; path = GameOnboardingRowView.swift; sourceTree = "<group>"; };
		08BE48D4279CA0FA00EA431F /* TriomiCount.app */ = {isa = PBXFileReference; explicitFileType = wrapper.application; includeInIndex = 0; path = TriomiCount.app; sourceTree = BUILT_PRODUCTS_DIR; };
		08BE48D7279CA0FA00EA431F /* TriomiCountApp.swift */ = {isa = PBXFileReference; lastKnownFileType = sourcecode.swift; path = TriomiCountApp.swift; sourceTree = "<group>"; };
		08BE48DB279CA0FB00EA431F /* Icon.xcassets */ = {isa = PBXFileReference; lastKnownFileType = folder.assetcatalog; path = Icon.xcassets; sourceTree = "<group>"; };
		08BE48DE279CA0FB00EA431F /* Preview Assets.xcassets */ = {isa = PBXFileReference; lastKnownFileType = folder.assetcatalog; path = "Preview Assets.xcassets"; sourceTree = "<group>"; };
		08BE48E9279CA14900EA431F /* HomeView.swift */ = {isa = PBXFileReference; lastKnownFileType = sourcecode.swift; path = HomeView.swift; sourceTree = "<group>"; };
		08BE48F2279CA42D00EA431F /* GameViewModel.swift */ = {isa = PBXFileReference; lastKnownFileType = sourcecode.swift; path = GameViewModel.swift; sourceTree = "<group>"; };
		08BE48F6279CA82E00EA431F /* GameMainView.swift */ = {isa = PBXFileReference; lastKnownFileType = sourcecode.swift; path = GameMainView.swift; sourceTree = "<group>"; };
		08D562A327B30BA7009C72B1 /* View+Extension.swift */ = {isa = PBXFileReference; lastKnownFileType = sourcecode.swift; path = "View+Extension.swift"; sourceTree = "<group>"; };
		08F6F36027E681A200FFBCFB /* GameView.swift */ = {isa = PBXFileReference; lastKnownFileType = sourcecode.swift; path = GameView.swift; sourceTree = "<group>"; };
		8A5E010F2813491E00703CE5 /* L10n.swift */ = {isa = PBXFileReference; fileEncoding = 4; lastKnownFileType = sourcecode.swift; name = L10n.swift; path = TriomiCount/Resources/L10n.swift; sourceTree = SOURCE_ROOT; };
		8A5E011128154B3200703CE5 /* Settings.swift */ = {isa = PBXFileReference; lastKnownFileType = sourcecode.swift; path = Settings.swift; sourceTree = "<group>"; };
		8AB0179C27FBABE900FFEF46 /* GameListRowView.swift */ = {isa = PBXFileReference; lastKnownFileType = sourcecode.swift; path = GameListRowView.swift; sourceTree = "<group>"; };
		8AB0179E27FC1F5B00FFEF46 /* BonusEventPicker.swift */ = {isa = PBXFileReference; lastKnownFileType = sourcecode.swift; path = BonusEventPicker.swift; sourceTree = "<group>"; };
		8AB017A027FC3A3F00FFEF46 /* OverlayAlert.swift */ = {isa = PBXFileReference; lastKnownFileType = sourcecode.swift; path = OverlayAlert.swift; sourceTree = "<group>"; };
		8ACA06E527F593B6000F6D4C /* Launch Screen.storyboard */ = {isa = PBXFileReference; lastKnownFileType = file.storyboard; path = "Launch Screen.storyboard"; sourceTree = "<group>"; };
		8ACA06E727F596A0000F6D4C /* GameDetailView.swift */ = {isa = PBXFileReference; lastKnownFileType = sourcecode.swift; path = GameDetailView.swift; sourceTree = "<group>"; };
		8ACA06E927F5A550000F6D4C /* Rules.swift */ = {isa = PBXFileReference; lastKnownFileType = sourcecode.swift; path = Rules.swift; sourceTree = "<group>"; };
/* End PBXFileReference section */

/* Begin PBXFrameworksBuildPhase section */
		08BE48D1279CA0FA00EA431F /* Frameworks */ = {
			isa = PBXFrameworksBuildPhase;
			buildActionMask = 2147483647;
			files = (
				8A858C8627FF6E34002385E1 /* Inject in Frameworks */,
				083974E527D2C11D002B90E4 /* PageSheetCore in Frameworks */,
				083974E327D2C11D002B90E4 /* PageSheet in Frameworks */,
				0897300027DC197D0029C94B /* SFSafeSymbols in Frameworks */,
				083974E727D2C11D002B90E4 /* PageSheetPlus in Frameworks */,
			);
			runOnlyForDeploymentPostprocessing = 0;
		};
/* End PBXFrameworksBuildPhase section */

/* Begin PBXGroup section */
		08288179279F42570064C9E8 /* Fonts */ = {
			isa = PBXGroup;
			children = (
				08288178279F42440064C9E8 /* PhotographSignature.ttf */,
			);
			path = Fonts;
			sourceTree = "<group>";
		};
		082C53F627ABE69000AB5CD7 /* CoreData */ = {
			isa = PBXGroup;
			children = (
				082C53F727ABE69D00AB5CD7 /* TriomiCount.xcdatamodeld */,
				082C540027ABE88F00AB5CD7 /* PersistentStore.swift */,
				0835129F27DC123C00065228 /* Entities */,
			);
			path = CoreData;
			sourceTree = "<group>";
		};
		0835129F27DC123C00065228 /* Entities */ = {
			isa = PBXGroup;
			children = (
				0835129627DC123700065228 /* Game.swift */,
				0835129227DC123700065228 /* Player.swift */,
				0835129027DC123700065228 /* Turn.swift */,
				0835129527DC123700065228 /* GameScoreDict.swift */,
			);
			path = Entities;
			sourceTree = "<group>";
		};
		083512A027DC13E500065228 /* UI Components */ = {
			isa = PBXGroup;
			children = (
				0827298127DDE74C00E48F4D /* TimesDrawnPicker.swift */,
				0827298327DE488900E48F4D /* PlayedCardPicker.swift */,
				8AB0179E27FC1F5B00FFEF46 /* BonusEventPicker.swift */,
				083974DC27D2A172002B90E4 /* PushStyledNavigationLink.swift */,
				8A858C8327FF5C20002385E1 /* ButtonStyles */,
			);
			path = "UI Components";
			sourceTree = "<group>";
		};
		083974D827D294C6002B90E4 /* GamesList */ = {
			isa = PBXGroup;
			children = (
				083974D927D294E6002B90E4 /* Views */,
			);
			path = GamesList;
			sourceTree = "<group>";
		};
		083974D927D294E6002B90E4 /* Views */ = {
			isa = PBXGroup;
			children = (
				083974DA27D294F7002B90E4 /* GamesListView.swift */,
				8AB0179C27FBABE900FFEF46 /* GameListRowView.swift */,
				8ACA06E727F596A0000F6D4C /* GameDetailView.swift */,
			);
			path = Views;
			sourceTree = "<group>";
		};
		083974DE27D2BECE002B90E4 /* Resources */ = {
			isa = PBXGroup;
			children = (
				0855A21E27DCD58000E882AC /* Icon */,
				0855A21F27DCD59100E882AC /* Color */,
				08288179279F42570064C9E8 /* Fonts */,
				8A5E010F2813491E00703CE5 /* L10n.swift */,
				0888914C27D573E900061754 /* Localizable.strings */,
			);
			path = Resources;
			sourceTree = "<group>";
		};
		0855A21E27DCD58000E882AC /* Icon */ = {
			isa = PBXGroup;
			children = (
				08BE48DB279CA0FB00EA431F /* Icon.xcassets */,
			);
			path = Icon;
			sourceTree = "<group>";
		};
		0855A21F27DCD59100E882AC /* Color */ = {
			isa = PBXGroup;
			children = (
				0896440B27A526CE0091C6F8 /* Colors.xcassets */,
				0855A22027DCD5AE00E882AC /* Color.swift */,
			);
			path = Color;
			sourceTree = "<group>";
		};
		087179DE27ADDD890005C074 /* Extensions */ = {
			isa = PBXGroup;
			children = (
				087179DF27ADDD9A0005C074 /* NSManagedObject+Extensions.swift */,
				0896440D27A527F30091C6F8 /* Color+Extenstion.swift */,
				085B664327B02D00000CCC99 /* String+Extension.swift */,
				08735D4027CEC5AE001571F5 /* Int64+Extension.swift */,
				08D562A327B30BA7009C72B1 /* View+Extension.swift */,
			);
			path = Extensions;
			sourceTree = "<group>";
		};
		087F92F527A4A0C20037268D /* Onboarding */ = {
			isa = PBXGroup;
			children = (
				08DEBD6327A195BE005A0990 /* Views */,
				08DEBD6427A195C7005A0990 /* ViewModels */,
			);
			path = Onboarding;
			sourceTree = "<group>";
		};
		087F92F627A4A0CD0037268D /* Game */ = {
			isa = PBXGroup;
			children = (
				087F92F727A4A0F40037268D /* Views */,
				087F92F827A4A0FB0037268D /* ViewModels */,
			);
			path = Game;
			sourceTree = "<group>";
		};
		087F92F727A4A0F40037268D /* Views */ = {
			isa = PBXGroup;
			children = (
				08BE48F6279CA82E00EA431F /* GameMainView.swift */,
				08F6F36027E681A200FFBCFB /* GameView.swift */,
				083BFD4F27CABB7200B5BE50 /* PointsSubmitView.swift */,
				0859748227CD7CAB0030A4E5 /* GameResultsView.swift */,
			);
			path = Views;
			sourceTree = "<group>";
		};
		087F92F827A4A0FB0037268D /* ViewModels */ = {
			isa = PBXGroup;
			children = (
				08BE48F2279CA42D00EA431F /* GameViewModel.swift */,
			);
			path = ViewModels;
			sourceTree = "<group>";
		};
		08BE48CB279CA0FA00EA431F = {
			isa = PBXGroup;
			children = (
				08BE48D6279CA0FA00EA431F /* TriomiCount */,
				08BE48D5279CA0FA00EA431F /* Products */,
			);
			sourceTree = "<group>";
		};
		08BE48D5279CA0FA00EA431F /* Products */ = {
			isa = PBXGroup;
			children = (
				08BE48D4279CA0FA00EA431F /* TriomiCount.app */,
			);
			name = Products;
			sourceTree = "<group>";
		};
		08BE48D6279CA0FA00EA431F /* TriomiCount */ = {
			isa = PBXGroup;
			children = (
				08BE48D7279CA0FA00EA431F /* TriomiCountApp.swift */,
				0828817B279F434C0064C9E8 /* Info.plist */,
				8ACA06E527F593B6000F6D4C /* Launch Screen.storyboard */,
				083974DE27D2BECE002B90E4 /* Resources */,
				082C53F627ABE69000AB5CD7 /* CoreData */,
				08DEBD6127A19597005A0990 /* Core */,
				08BE48DD279CA0FB00EA431F /* Preview Content */,
			);
			path = TriomiCount;
			sourceTree = "<group>";
		};
		08BE48DD279CA0FB00EA431F /* Preview Content */ = {
			isa = PBXGroup;
			children = (
				08BE48DE279CA0FB00EA431F /* Preview Assets.xcassets */,
			);
			path = "Preview Content";
			sourceTree = "<group>";
		};
		08DEBD5F27A1956D005A0990 /* Home */ = {
			isa = PBXGroup;
			children = (
				08DEBD6027A19586005A0990 /* Views */,
			);
			path = Home;
			sourceTree = "<group>";
		};
		08DEBD6027A19586005A0990 /* Views */ = {
			isa = PBXGroup;
			children = (
				08BE48E9279CA14900EA431F /* HomeView.swift */,
				08A2C64227A34BBB0076C196 /* SettingsView.swift */,
				8A5E011128154B3200703CE5 /* Settings.swift */,
			);
			path = Views;
			sourceTree = "<group>";
		};
		08DEBD6127A19597005A0990 /* Core */ = {
			isa = PBXGroup;
			children = (
				08DEBD5F27A1956D005A0990 /* Home */,
				08DEBD6527A19652005A0990 /* PlayerList */,
				083974D827D294C6002B90E4 /* GamesList */,
				08DEBD6227A195B2005A0990 /* GameStates */,
				08DEBD6827A19689005A0990 /* Components */,
			);
			path = Core;
			sourceTree = "<group>";
		};
		08DEBD6227A195B2005A0990 /* GameStates */ = {
			isa = PBXGroup;
			children = (
				087F92F527A4A0C20037268D /* Onboarding */,
				087F92F627A4A0CD0037268D /* Game */,
			);
			path = GameStates;
			sourceTree = "<group>";
		};
		08DEBD6327A195BE005A0990 /* Views */ = {
			isa = PBXGroup;
			children = (
				08BBB1F527A08F98001CD3DF /* GameOnboardingView.swift */,
				08BBB1F927A0A1D3001CD3DF /* GameOnboardingRowView.swift */,
			);
			path = Views;
			sourceTree = "<group>";
		};
		08DEBD6427A195C7005A0990 /* ViewModels */ = {
			isa = PBXGroup;
			children = (
				089D478A27A1A89B000E3BA8 /* GameOnboardingViewModel.swift */,
			);
			path = ViewModels;
			sourceTree = "<group>";
		};
		08DEBD6527A19652005A0990 /* PlayerList */ = {
			isa = PBXGroup;
			children = (
				08DEBD6627A19674005A0990 /* Views */,
			);
			path = PlayerList;
			sourceTree = "<group>";
		};
		08DEBD6627A19674005A0990 /* Views */ = {
			isa = PBXGroup;
			children = (
				089CA6F8279EA4B9007E34E8 /* PlayerListView.swift */,
				089CA6FC279EA624007E34E8 /* PlayerListRowView.swift */,
				08A2C64027A341E70076C196 /* PlayerDetailView.swift */,
				085924CE27C7685300364259 /* PlayerListSortView.swift */,
				085924C827C6DCA300364259 /* PlayerListSort.swift */,
			);
			path = Views;
			sourceTree = "<group>";
		};
		08DEBD6827A19689005A0990 /* Components */ = {
			isa = PBXGroup;
			children = (
				087179DE27ADDD890005C074 /* Extensions */,
				083512A027DC13E500065228 /* UI Components */,
				08B3E2F227B9AA02009E4DD7 /* Logo.swift */,
				08288174279EF8D10064C9E8 /* AddNewPlayerView.swift */,
				8ACA06E927F5A550000F6D4C /* Rules.swift */,
				08AD236027AA912600BBDB16 /* HapticsManager.swift */,
				8AB017A027FC3A3F00FFEF46 /* OverlayAlert.swift */,
				08A0103227DFB68C000D0AEB /* AppState.swift */,
			);
			path = Components;
			sourceTree = "<group>";
		};
		8A858C8327FF5C20002385E1 /* ButtonStyles */ = {
			isa = PBXGroup;
			children = (
				083512A827DC15DA00065228 /* OffsetOnTapStyle.swift */,
				08093A6727DD4CA90061352D /* CircularOffsetStyle.swift */,
			);
			path = ButtonStyles;
			sourceTree = "<group>";
		};
/* End PBXGroup section */

/* Begin PBXNativeTarget section */
		08BE48D3279CA0FA00EA431F /* TriomiCount */ = {
			isa = PBXNativeTarget;
			buildConfigurationList = 08BE48E2279CA0FB00EA431F /* Build configuration list for PBXNativeTarget "TriomiCount" */;
			buildPhases = (
				08BE48D0279CA0FA00EA431F /* Sources */,
				08BE48D1279CA0FA00EA431F /* Frameworks */,
				08BE48D2279CA0FA00EA431F /* Resources */,
				8A0F443027F637450092733E /* ShellScript */,
			);
			buildRules = (
			);
			dependencies = (
			);
			name = TriomiCount;
			packageProductDependencies = (
				083974E227D2C11D002B90E4 /* PageSheet */,
				083974E427D2C11D002B90E4 /* PageSheetCore */,
				083974E627D2C11D002B90E4 /* PageSheetPlus */,
				08972FFF27DC197D0029C94B /* SFSafeSymbols */,
				8A858C8527FF6E34002385E1 /* Inject */,
			);
			productName = TriomiCount;
			productReference = 08BE48D4279CA0FA00EA431F /* TriomiCount.app */;
			productType = "com.apple.product-type.application";
		};
/* End PBXNativeTarget section */

/* Begin PBXProject section */
		08BE48CC279CA0FA00EA431F /* Project object */ = {
			isa = PBXProject;
			attributes = {
				BuildIndependentTargetsInParallel = 1;
				LastSwiftUpdateCheck = 1320;
				LastUpgradeCheck = 1320;
				TargetAttributes = {
					08BE48D3279CA0FA00EA431F = {
						CreatedOnToolsVersion = 13.2.1;
					};
				};
			};
			buildConfigurationList = 08BE48CF279CA0FA00EA431F /* Build configuration list for PBXProject "TriomiCount" */;
			compatibilityVersion = "Xcode 13.0";
			developmentRegion = en;
			hasScannedForEncodings = 0;
			knownRegions = (
				en,
				Base,
				de,
			);
			mainGroup = 08BE48CB279CA0FA00EA431F;
			packageReferences = (
				083974E127D2C11D002B90E4 /* XCRemoteSwiftPackageReference "PageSheet" */,
				08972FFE27DC197D0029C94B /* XCRemoteSwiftPackageReference "SFSafeSymbols" */,
				8A858C8427FF6E34002385E1 /* XCRemoteSwiftPackageReference "Inject" */,
			);
			productRefGroup = 08BE48D5279CA0FA00EA431F /* Products */;
			projectDirPath = "";
			projectRoot = "";
			targets = (
				08BE48D3279CA0FA00EA431F /* TriomiCount */,
			);
		};
/* End PBXProject section */

/* Begin PBXResourcesBuildPhase section */
		08BE48D2279CA0FA00EA431F /* Resources */ = {
			isa = PBXResourcesBuildPhase;
			buildActionMask = 2147483647;
			files = (
				8ACA06E627F593B6000F6D4C /* Launch Screen.storyboard in Resources */,
				0828817A279F42AB0064C9E8 /* PhotographSignature.ttf in Resources */,
				0888914A27D573E900061754 /* Localizable.strings in Resources */,
				0896440C27A526CE0091C6F8 /* Colors.xcassets in Resources */,
				08BE48DF279CA0FB00EA431F /* Preview Assets.xcassets in Resources */,
				08BE48DC279CA0FB00EA431F /* Icon.xcassets in Resources */,
			);
			runOnlyForDeploymentPostprocessing = 0;
		};
/* End PBXResourcesBuildPhase section */

/* Begin PBXShellScriptBuildPhase section */
		8A0F443027F637450092733E /* ShellScript */ = {
			isa = PBXShellScriptBuildPhase;
			buildActionMask = 2147483647;
			files = (
			);
			inputFileListPaths = (
			);
			inputPaths = (
			);
			outputFileListPaths = (
			);
			outputPaths = (
			);
			runOnlyForDeploymentPostprocessing = 0;
			shellPath = /bin/sh;
			shellScript = "if which swiftlint > /dev/null; then\n  swiftlint\nelse\n  echo \"warning: SwiftLint not installed, download from https://github.com/realm/SwiftLint\"\nfi\n";
		};
/* End PBXShellScriptBuildPhase section */

/* Begin PBXSourcesBuildPhase section */
		08BE48D0279CA0FA00EA431F /* Sources */ = {
			isa = PBXSourcesBuildPhase;
			buildActionMask = 2147483647;
			files = (
				08BBB1FA27A0A1D3001CD3DF /* GameOnboardingRowView.swift in Sources */,
				0835129A27DC123700065228 /* Player.swift in Sources */,
				083974DD27D2A172002B90E4 /* PushStyledNavigationLink.swift in Sources */,
				08F6F36127E681A200FFBCFB /* GameView.swift in Sources */,
				089D478B27A1A89B000E3BA8 /* GameOnboardingViewModel.swift in Sources */,
				08735D4127CEC5AE001571F5 /* Int64+Extension.swift in Sources */,
				08A2C64327A34BBB0076C196 /* SettingsView.swift in Sources */,
				8ACA06E827F596A0000F6D4C /* GameDetailView.swift in Sources */,
				08BE48F7279CA82E00EA431F /* GameMainView.swift in Sources */,
				089CA6FD279EA624007E34E8 /* PlayerListRowView.swift in Sources */,
				08AD236127AA912600BBDB16 /* HapticsManager.swift in Sources */,
				082C53F927ABE69D00AB5CD7 /* TriomiCount.xcdatamodeld in Sources */,
				085924C927C6DCA300364259 /* PlayerListSort.swift in Sources */,
				08B3E2F327B9AA02009E4DD7 /* Logo.swift in Sources */,
				08D562A427B30BA7009C72B1 /* View+Extension.swift in Sources */,
				08BE48EA279CA14900EA431F /* HomeView.swift in Sources */,
				0827298227DDE74C00E48F4D /* TimesDrawnPicker.swift in Sources */,
				089CA6F9279EA4B9007E34E8 /* PlayerListView.swift in Sources */,
				0835129D27DC123700065228 /* GameScoreDict.swift in Sources */,
				08A0103327DFB68C000D0AEB /* AppState.swift in Sources */,
				085B664427B02D00000CCC99 /* String+Extension.swift in Sources */,
				8AB017A127FC3A3F00FFEF46 /* OverlayAlert.swift in Sources */,
				8AB0179D27FBABE900FFEF46 /* GameListRowView.swift in Sources */,
				8ACA06EA27F5A550000F6D4C /* Rules.swift in Sources */,
				8A5E011228154B3200703CE5 /* Settings.swift in Sources */,
				083BFD5027CABB7200B5BE50 /* PointsSubmitView.swift in Sources */,
				8A5E01102813491E00703CE5 /* L10n.swift in Sources */,
				0896440E27A527F30091C6F8 /* Color+Extenstion.swift in Sources */,
				0827298427DE488900E48F4D /* PlayedCardPicker.swift in Sources */,
				082C540127ABE88F00AB5CD7 /* PersistentStore.swift in Sources */,
				0835129827DC123700065228 /* Turn.swift in Sources */,
				08BE48D8279CA0FA00EA431F /* TriomiCountApp.swift in Sources */,
				08288175279EF8D10064C9E8 /* AddNewPlayerView.swift in Sources */,
				0855A22127DCD5AE00E882AC /* Color.swift in Sources */,
				08BE48F3279CA42D00EA431F /* GameViewModel.swift in Sources */,
				0835129E27DC123700065228 /* Game.swift in Sources */,
				08A2C64127A341E70076C196 /* PlayerDetailView.swift in Sources */,
				0859748327CD7CAC0030A4E5 /* GameResultsView.swift in Sources */,
				08093A6827DD4CA90061352D /* CircularOffsetStyle.swift in Sources */,
				087179E027ADDD9A0005C074 /* NSManagedObject+Extensions.swift in Sources */,
				083512A927DC15DA00065228 /* OffsetOnTapStyle.swift in Sources */,
				083974DB27D294F7002B90E4 /* GamesListView.swift in Sources */,
				8AB0179F27FC1F5B00FFEF46 /* BonusEventPicker.swift in Sources */,
				08BBB1F627A08F98001CD3DF /* GameOnboardingView.swift in Sources */,
				085924CF27C7685400364259 /* PlayerListSortView.swift in Sources */,
			);
			runOnlyForDeploymentPostprocessing = 0;
		};
/* End PBXSourcesBuildPhase section */

/* Begin PBXVariantGroup section */
		0888914C27D573E900061754 /* Localizable.strings */ = {
			isa = PBXVariantGroup;
			children = (
				0888914B27D573E900061754 /* de */,
				0888914D27D573ED00061754 /* en */,
			);
			name = Localizable.strings;
			sourceTree = "<group>";
		};
/* End PBXVariantGroup section */

/* Begin XCBuildConfiguration section */
		08BE48E0279CA0FB00EA431F /* Debug */ = {
			isa = XCBuildConfiguration;
			buildSettings = {
				ALWAYS_SEARCH_USER_PATHS = NO;
				CLANG_ANALYZER_LOCALIZABILITY_NONLOCALIZED = YES;
				CLANG_ANALYZER_NONNULL = YES;
				CLANG_ANALYZER_NUMBER_OBJECT_CONVERSION = YES_AGGRESSIVE;
				CLANG_CXX_LANGUAGE_STANDARD = "gnu++17";
				CLANG_CXX_LIBRARY = "libc++";
				CLANG_ENABLE_MODULES = YES;
				CLANG_ENABLE_OBJC_ARC = YES;
				CLANG_ENABLE_OBJC_WEAK = YES;
				CLANG_WARN_BLOCK_CAPTURE_AUTORELEASING = YES;
				CLANG_WARN_BOOL_CONVERSION = YES;
				CLANG_WARN_COMMA = YES;
				CLANG_WARN_CONSTANT_CONVERSION = YES;
				CLANG_WARN_DEPRECATED_OBJC_IMPLEMENTATIONS = YES;
				CLANG_WARN_DIRECT_OBJC_ISA_USAGE = YES_ERROR;
				CLANG_WARN_DOCUMENTATION_COMMENTS = YES;
				CLANG_WARN_EMPTY_BODY = YES;
				CLANG_WARN_ENUM_CONVERSION = YES;
				CLANG_WARN_INFINITE_RECURSION = YES;
				CLANG_WARN_INT_CONVERSION = YES;
				CLANG_WARN_NON_LITERAL_NULL_CONVERSION = YES;
				CLANG_WARN_OBJC_IMPLICIT_RETAIN_SELF = YES;
				CLANG_WARN_OBJC_LITERAL_CONVERSION = YES;
				CLANG_WARN_OBJC_ROOT_CLASS = YES_ERROR;
				CLANG_WARN_QUOTED_INCLUDE_IN_FRAMEWORK_HEADER = YES;
				CLANG_WARN_RANGE_LOOP_ANALYSIS = YES;
				CLANG_WARN_STRICT_PROTOTYPES = YES;
				CLANG_WARN_SUSPICIOUS_MOVE = YES;
				CLANG_WARN_UNGUARDED_AVAILABILITY = YES_AGGRESSIVE;
				CLANG_WARN_UNREACHABLE_CODE = YES;
				CLANG_WARN__DUPLICATE_METHOD_MATCH = YES;
				COPY_PHASE_STRIP = NO;
				DEBUG_INFORMATION_FORMAT = dwarf;
				ENABLE_STRICT_OBJC_MSGSEND = YES;
				ENABLE_TESTABILITY = YES;
				GCC_C_LANGUAGE_STANDARD = gnu11;
				GCC_DYNAMIC_NO_PIC = NO;
				GCC_NO_COMMON_BLOCKS = YES;
				GCC_OPTIMIZATION_LEVEL = 0;
				GCC_PREPROCESSOR_DEFINITIONS = (
					"DEBUG=1",
					"$(inherited)",
				);
				GCC_WARN_64_TO_32_BIT_CONVERSION = YES;
				GCC_WARN_ABOUT_RETURN_TYPE = YES_ERROR;
				GCC_WARN_UNDECLARED_SELECTOR = YES;
				GCC_WARN_UNINITIALIZED_AUTOS = YES_AGGRESSIVE;
				GCC_WARN_UNUSED_FUNCTION = YES;
				GCC_WARN_UNUSED_VARIABLE = YES;
				IPHONEOS_DEPLOYMENT_TARGET = 15.2;
				MTL_ENABLE_DEBUG_INFO = INCLUDE_SOURCE;
				MTL_FAST_MATH = YES;
				ONLY_ACTIVE_ARCH = YES;
				OTHER_LDFLAGS = (
					"-Xlinker",
					"-interposable",
				);
				SDKROOT = iphoneos;
				SWIFT_ACTIVE_COMPILATION_CONDITIONS = DEBUG;
				SWIFT_OPTIMIZATION_LEVEL = "-Onone";
			};
			name = Debug;
		};
		08BE48E1279CA0FB00EA431F /* Release */ = {
			isa = XCBuildConfiguration;
			buildSettings = {
				ALWAYS_SEARCH_USER_PATHS = NO;
				CLANG_ANALYZER_LOCALIZABILITY_NONLOCALIZED = YES;
				CLANG_ANALYZER_NONNULL = YES;
				CLANG_ANALYZER_NUMBER_OBJECT_CONVERSION = YES_AGGRESSIVE;
				CLANG_CXX_LANGUAGE_STANDARD = "gnu++17";
				CLANG_CXX_LIBRARY = "libc++";
				CLANG_ENABLE_MODULES = YES;
				CLANG_ENABLE_OBJC_ARC = YES;
				CLANG_ENABLE_OBJC_WEAK = YES;
				CLANG_WARN_BLOCK_CAPTURE_AUTORELEASING = YES;
				CLANG_WARN_BOOL_CONVERSION = YES;
				CLANG_WARN_COMMA = YES;
				CLANG_WARN_CONSTANT_CONVERSION = YES;
				CLANG_WARN_DEPRECATED_OBJC_IMPLEMENTATIONS = YES;
				CLANG_WARN_DIRECT_OBJC_ISA_USAGE = YES_ERROR;
				CLANG_WARN_DOCUMENTATION_COMMENTS = YES;
				CLANG_WARN_EMPTY_BODY = YES;
				CLANG_WARN_ENUM_CONVERSION = YES;
				CLANG_WARN_INFINITE_RECURSION = YES;
				CLANG_WARN_INT_CONVERSION = YES;
				CLANG_WARN_NON_LITERAL_NULL_CONVERSION = YES;
				CLANG_WARN_OBJC_IMPLICIT_RETAIN_SELF = YES;
				CLANG_WARN_OBJC_LITERAL_CONVERSION = YES;
				CLANG_WARN_OBJC_ROOT_CLASS = YES_ERROR;
				CLANG_WARN_QUOTED_INCLUDE_IN_FRAMEWORK_HEADER = YES;
				CLANG_WARN_RANGE_LOOP_ANALYSIS = YES;
				CLANG_WARN_STRICT_PROTOTYPES = YES;
				CLANG_WARN_SUSPICIOUS_MOVE = YES;
				CLANG_WARN_UNGUARDED_AVAILABILITY = YES_AGGRESSIVE;
				CLANG_WARN_UNREACHABLE_CODE = YES;
				CLANG_WARN__DUPLICATE_METHOD_MATCH = YES;
				COPY_PHASE_STRIP = NO;
				DEBUG_INFORMATION_FORMAT = "dwarf-with-dsym";
				ENABLE_NS_ASSERTIONS = NO;
				ENABLE_STRICT_OBJC_MSGSEND = YES;
				GCC_C_LANGUAGE_STANDARD = gnu11;
				GCC_NO_COMMON_BLOCKS = YES;
				GCC_WARN_64_TO_32_BIT_CONVERSION = YES;
				GCC_WARN_ABOUT_RETURN_TYPE = YES_ERROR;
				GCC_WARN_UNDECLARED_SELECTOR = YES;
				GCC_WARN_UNINITIALIZED_AUTOS = YES_AGGRESSIVE;
				GCC_WARN_UNUSED_FUNCTION = YES;
				GCC_WARN_UNUSED_VARIABLE = YES;
				IPHONEOS_DEPLOYMENT_TARGET = 15.2;
				MTL_ENABLE_DEBUG_INFO = NO;
				MTL_FAST_MATH = YES;
				OTHER_LDFLAGS = (
					"-Xlinker",
					"-interposable",
				);
				SDKROOT = iphoneos;
				SWIFT_COMPILATION_MODE = wholemodule;
				SWIFT_OPTIMIZATION_LEVEL = "-O";
				VALIDATE_PRODUCT = YES;
			};
			name = Release;
		};
		08BE48E3279CA0FB00EA431F /* Debug */ = {
			isa = XCBuildConfiguration;
			buildSettings = {
				ASSETCATALOG_COMPILER_APPICON_NAME = AppIcon;
				ASSETCATALOG_COMPILER_GLOBAL_ACCENT_COLOR_NAME = AccentColor;
				ASSETCATALOG_COMPILER_INCLUDE_ALL_APPICON_ASSETS = YES;
				CODE_SIGN_STYLE = Automatic;
				CURRENT_PROJECT_VERSION = 1;
				DEVELOPMENT_ASSET_PATHS = "\"TriomiCount/Preview Content\"";
				DEVELOPMENT_TEAM = 8KAQMJ37RH;
				ENABLE_PREVIEWS = YES;
				GENERATE_INFOPLIST_FILE = YES;
				INFOPLIST_FILE = TriomiCount/Info.plist;
				INFOPLIST_KEY_UIApplicationSceneManifest_Generation = YES;
				INFOPLIST_KEY_UIApplicationSupportsIndirectInputEvents = YES;
				INFOPLIST_KEY_UILaunchScreen_Generation = YES;
				INFOPLIST_KEY_UILaunchStoryboardName = "Launch Screen";
				INFOPLIST_KEY_UISupportedInterfaceOrientations = UIInterfaceOrientationPortrait;
				INFOPLIST_KEY_UISupportedInterfaceOrientations_iPad = "UIInterfaceOrientationPortrait UIInterfaceOrientationPortraitUpsideDown UIInterfaceOrientationLandscapeLeft UIInterfaceOrientationLandscapeRight";
				INFOPLIST_KEY_UISupportedInterfaceOrientations_iPhone = "UIInterfaceOrientationPortrait UIInterfaceOrientationLandscapeLeft UIInterfaceOrientationLandscapeRight";
				LD_RUNPATH_SEARCH_PATHS = (
					"$(inherited)",
					"@executable_path/Frameworks",
				);
				MARKETING_VERSION = 1.0;
				OTHER_LDFLAGS = "";
				PRODUCT_BUNDLE_IDENTIFIER = com.marvinlee.TriomiCount;
				PRODUCT_NAME = "$(TARGET_NAME)";
				SWIFT_EMIT_LOC_STRINGS = YES;
				SWIFT_VERSION = 5.0;
				TARGETED_DEVICE_FAMILY = 1;
			};
			name = Debug;
		};
		08BE48E4279CA0FB00EA431F /* Release */ = {
			isa = XCBuildConfiguration;
			buildSettings = {
				ASSETCATALOG_COMPILER_APPICON_NAME = AppIcon;
				ASSETCATALOG_COMPILER_GLOBAL_ACCENT_COLOR_NAME = AccentColor;
				ASSETCATALOG_COMPILER_INCLUDE_ALL_APPICON_ASSETS = YES;
				CODE_SIGN_STYLE = Automatic;
				CURRENT_PROJECT_VERSION = 1;
				DEVELOPMENT_ASSET_PATHS = "\"TriomiCount/Preview Content\"";
				DEVELOPMENT_TEAM = 8KAQMJ37RH;
				ENABLE_PREVIEWS = YES;
				GENERATE_INFOPLIST_FILE = YES;
				INFOPLIST_FILE = TriomiCount/Info.plist;
				INFOPLIST_KEY_UIApplicationSceneManifest_Generation = YES;
				INFOPLIST_KEY_UIApplicationSupportsIndirectInputEvents = YES;
				INFOPLIST_KEY_UILaunchScreen_Generation = YES;
				INFOPLIST_KEY_UILaunchStoryboardName = "Launch Screen";
				INFOPLIST_KEY_UISupportedInterfaceOrientations = UIInterfaceOrientationPortrait;
				INFOPLIST_KEY_UISupportedInterfaceOrientations_iPad = "UIInterfaceOrientationPortrait UIInterfaceOrientationPortraitUpsideDown UIInterfaceOrientationLandscapeLeft UIInterfaceOrientationLandscapeRight";
				INFOPLIST_KEY_UISupportedInterfaceOrientations_iPhone = "UIInterfaceOrientationPortrait UIInterfaceOrientationLandscapeLeft UIInterfaceOrientationLandscapeRight";
				LD_RUNPATH_SEARCH_PATHS = (
					"$(inherited)",
					"@executable_path/Frameworks",
				);
				MARKETING_VERSION = 1.0;
				OTHER_LDFLAGS = "";
				PRODUCT_BUNDLE_IDENTIFIER = com.marvinlee.TriomiCount;
				PRODUCT_NAME = "$(TARGET_NAME)";
				SWIFT_EMIT_LOC_STRINGS = YES;
				SWIFT_VERSION = 5.0;
				TARGETED_DEVICE_FAMILY = 1;
			};
			name = Release;
		};
/* End XCBuildConfiguration section */

/* Begin XCConfigurationList section */
		08BE48CF279CA0FA00EA431F /* Build configuration list for PBXProject "TriomiCount" */ = {
			isa = XCConfigurationList;
			buildConfigurations = (
				08BE48E0279CA0FB00EA431F /* Debug */,
				08BE48E1279CA0FB00EA431F /* Release */,
			);
			defaultConfigurationIsVisible = 0;
			defaultConfigurationName = Release;
		};
		08BE48E2279CA0FB00EA431F /* Build configuration list for PBXNativeTarget "TriomiCount" */ = {
			isa = XCConfigurationList;
			buildConfigurations = (
				08BE48E3279CA0FB00EA431F /* Debug */,
				08BE48E4279CA0FB00EA431F /* Release */,
			);
			defaultConfigurationIsVisible = 0;
			defaultConfigurationName = Release;
		};
/* End XCConfigurationList section */

/* Begin XCRemoteSwiftPackageReference section */
		083974E127D2C11D002B90E4 /* XCRemoteSwiftPackageReference "PageSheet" */ = {
			isa = XCRemoteSwiftPackageReference;
			repositoryURL = "https://github.com/ericlewis/PageSheet";
			requirement = {
				kind = upToNextMajorVersion;
				minimumVersion = 1.0.0;
			};
		};
		08972FFE27DC197D0029C94B /* XCRemoteSwiftPackageReference "SFSafeSymbols" */ = {
			isa = XCRemoteSwiftPackageReference;
			repositoryURL = "https://github.com/SFSafeSymbols/SFSafeSymbols";
			requirement = {
				kind = upToNextMajorVersion;
				minimumVersion = 2.0.0;
			};
		};
		8A858C8427FF6E34002385E1 /* XCRemoteSwiftPackageReference "Inject" */ = {
			isa = XCRemoteSwiftPackageReference;
			repositoryURL = "https://github.com/krzysztofzablocki/Inject.git";
			requirement = {
				branch = main;
				kind = branch;
			};
		};
/* End XCRemoteSwiftPackageReference section */

/* Begin XCSwiftPackageProductDependency section */
		083974E227D2C11D002B90E4 /* PageSheet */ = {
			isa = XCSwiftPackageProductDependency;
			package = 083974E127D2C11D002B90E4 /* XCRemoteSwiftPackageReference "PageSheet" */;
			productName = PageSheet;
		};
		083974E427D2C11D002B90E4 /* PageSheetCore */ = {
			isa = XCSwiftPackageProductDependency;
			package = 083974E127D2C11D002B90E4 /* XCRemoteSwiftPackageReference "PageSheet" */;
			productName = PageSheetCore;
		};
		083974E627D2C11D002B90E4 /* PageSheetPlus */ = {
			isa = XCSwiftPackageProductDependency;
			package = 083974E127D2C11D002B90E4 /* XCRemoteSwiftPackageReference "PageSheet" */;
			productName = PageSheetPlus;
		};
		08972FFF27DC197D0029C94B /* SFSafeSymbols */ = {
			isa = XCSwiftPackageProductDependency;
			package = 08972FFE27DC197D0029C94B /* XCRemoteSwiftPackageReference "SFSafeSymbols" */;
			productName = SFSafeSymbols;
		};
		8A858C8527FF6E34002385E1 /* Inject */ = {
			isa = XCSwiftPackageProductDependency;
			package = 8A858C8427FF6E34002385E1 /* XCRemoteSwiftPackageReference "Inject" */;
			productName = Inject;
		};
/* End XCSwiftPackageProductDependency section */

/* Begin XCVersionGroup section */
		082C53F727ABE69D00AB5CD7 /* TriomiCount.xcdatamodeld */ = {
			isa = XCVersionGroup;
			children = (
				082C53F827ABE69D00AB5CD7 /* TriomiCount.xcdatamodel */,
			);
			currentVersion = 082C53F827ABE69D00AB5CD7 /* TriomiCount.xcdatamodel */;
			path = TriomiCount.xcdatamodeld;
			sourceTree = "<group>";
			versionGroupType = wrapper.xcdatamodel;
		};
/* End XCVersionGroup section */
	};
	rootObject = 08BE48CC279CA0FA00EA431F /* Project object */;
}
