{
  "pins" : [
    {
      "identity" : "pagesheet",
      "kind" : "remoteSourceControl",
      "location" : "https://github.com/ericlewis/PageSheet",
      "state" : {
        "revision" : "3a2dd57c136ab173d7bc3baea78fc07454762375",
        "version" : "1.2.5"
      }
    },
    {
      "identity" : "sfsafesymbols",
      "kind" : "remoteSourceControl",
      "location" : "https://github.com/SFSafeSymbols/SFSafeSymbols",
      "state" : {
        "revision" : "c61de7a6e9eb1520d32316b06d5932accd974e70",
        "version" : "2.1.3"
      }
    },
    {
      "identity" : "swiftui-introspect",
      "kind" : "remoteSourceControl",
      "location" : "https://github.com/siteline/SwiftUI-Introspect.git",
      "state" : {
        "revision" : "f2616860a41f9d9932da412a8978fec79c06fe24",
        "version" : "0.1.4"
      }
    },
    {
      "identity" : "viewmodifierbuilder",
      "kind" : "remoteSourceControl",
      "location" : "https://github.com/ericlewis/ViewModifierBuilder",
      "state" : {
        "revision" : "2537f7a6fa12408ff1d9672cfadd5bb5f1546db7",
        "version" : "0.9.0"
      }
    }
  ],
  "version" : 2
}
